// !$*UTF8*$!
{
	archiveVersion = 1;
	classes = {
	};
	objectVersion = 55;
	objects = {

/* Begin PBXBuildFile section */
		1572C7BF2212663F2D9CC88B /* Pods_Flix.framework in Frameworks */ = {isa = PBXBuildFile; fileRef = FCECA30CC5D734A8712667F8 /* Pods_Flix.framework */; };
		5BADEB73D48F23C81025BB48 /* Pods_FlixTests.framework in Frameworks */ = {isa = PBXBuildFile; fileRef = 04039F3903218BB57479B187 /* Pods_FlixTests.framework */; };
		83B80FEDAF14AAEB14C0354D /* Pods_Flix_FlixUITests.framework in Frameworks */ = {isa = PBXBuildFile; fileRef = 6114C5BD1C9D831874A06C47 /* Pods_Flix_FlixUITests.framework */; };
		B80457C627B7047200EB7EA6 /* AppDelegate.swift in Sources */ = {isa = PBXBuildFile; fileRef = B80457C527B7047200EB7EA6 /* AppDelegate.swift */; };
		B80457C827B7047200EB7EA6 /* SceneDelegate.swift in Sources */ = {isa = PBXBuildFile; fileRef = B80457C727B7047200EB7EA6 /* SceneDelegate.swift */; };
		B80457CA27B7047200EB7EA6 /* MovieViewController.swift in Sources */ = {isa = PBXBuildFile; fileRef = B80457C927B7047200EB7EA6 /* MovieViewController.swift */; };
		B80457CD27B7047200EB7EA6 /* Main.storyboard in Resources */ = {isa = PBXBuildFile; fileRef = B80457CB27B7047200EB7EA6 /* Main.storyboard */; };
		B80457CF27B7047300EB7EA6 /* Assets.xcassets in Resources */ = {isa = PBXBuildFile; fileRef = B80457CE27B7047300EB7EA6 /* Assets.xcassets */; };
		B80457D227B7047300EB7EA6 /* LaunchScreen.storyboard in Resources */ = {isa = PBXBuildFile; fileRef = B80457D027B7047300EB7EA6 /* LaunchScreen.storyboard */; };
		B80457DD27B7047300EB7EA6 /* FlixTests.swift in Sources */ = {isa = PBXBuildFile; fileRef = B80457DC27B7047300EB7EA6 /* FlixTests.swift */; };
		B80457E727B7047300EB7EA6 /* FlixUITests.swift in Sources */ = {isa = PBXBuildFile; fileRef = B80457E627B7047300EB7EA6 /* FlixUITests.swift */; };
		B80457E927B7047300EB7EA6 /* FlixUITestsLaunchTests.swift in Sources */ = {isa = PBXBuildFile; fileRef = B80457E827B7047300EB7EA6 /* FlixUITestsLaunchTests.swift */; };
		B884BF7C27B854640052A00E /* MovieCell.swift in Sources */ = {isa = PBXBuildFile; fileRef = B884BF7B27B854640052A00E /* MovieCell.swift */; };
		B884BF7F27B858E10052A00E /* AlamofireImage in Frameworks */ = {isa = PBXBuildFile; productRef = B884BF7E27B858E10052A00E /* AlamofireImage */; };
/* End PBXBuildFile section */

/* Begin PBXContainerItemProxy section */
		B80457D927B7047300EB7EA6 /* PBXContainerItemProxy */ = {
			isa = PBXContainerItemProxy;
			containerPortal = B80457BA27B7047200EB7EA6 /* Project object */;
			proxyType = 1;
			remoteGlobalIDString = B80457C127B7047200EB7EA6;
			remoteInfo = Flix;
		};
		B80457E327B7047300EB7EA6 /* PBXContainerItemProxy */ = {
			isa = PBXContainerItemProxy;
			containerPortal = B80457BA27B7047200EB7EA6 /* Project object */;
			proxyType = 1;
			remoteGlobalIDString = B80457C127B7047200EB7EA6;
			remoteInfo = Flix;
		};
/* End PBXContainerItemProxy section */

/* Begin PBXFileReference section */
		04039F3903218BB57479B187 /* Pods_FlixTests.framework */ = {isa = PBXFileReference; explicitFileType = wrapper.framework; includeInIndex = 0; path = Pods_FlixTests.framework; sourceTree = BUILT_PRODUCTS_DIR; };
		1C13D83E1638A9DBC6EAF214 /* Pods-Flix-FlixUITests.debug.xcconfig */ = {isa = PBXFileReference; includeInIndex = 1; lastKnownFileType = text.xcconfig; name = "Pods-Flix-FlixUITests.debug.xcconfig"; path = "Target Support Files/Pods-Flix-FlixUITests/Pods-Flix-FlixUITests.debug.xcconfig"; sourceTree = "<group>"; };
		3B9B60424DA265AEAB113BE2 /* Pods-Flix.release.xcconfig */ = {isa = PBXFileReference; includeInIndex = 1; lastKnownFileType = text.xcconfig; name = "Pods-Flix.release.xcconfig"; path = "Target Support Files/Pods-Flix/Pods-Flix.release.xcconfig"; sourceTree = "<group>"; };
		4FFAE317E6877B3C63D756A8 /* Pods-FlixTests.debug.xcconfig */ = {isa = PBXFileReference; includeInIndex = 1; lastKnownFileType = text.xcconfig; name = "Pods-FlixTests.debug.xcconfig"; path = "Target Support Files/Pods-FlixTests/Pods-FlixTests.debug.xcconfig"; sourceTree = "<group>"; };
		6114C5BD1C9D831874A06C47 /* Pods_Flix_FlixUITests.framework */ = {isa = PBXFileReference; explicitFileType = wrapper.framework; includeInIndex = 0; path = Pods_Flix_FlixUITests.framework; sourceTree = BUILT_PRODUCTS_DIR; };
		89524C9CEEF85A920D478892 /* Pods-Flix-FlixUITests.release.xcconfig */ = {isa = PBXFileReference; includeInIndex = 1; lastKnownFileType = text.xcconfig; name = "Pods-Flix-FlixUITests.release.xcconfig"; path = "Target Support Files/Pods-Flix-FlixUITests/Pods-Flix-FlixUITests.release.xcconfig"; sourceTree = "<group>"; };
		ADC981D268458DB9BEA9532F /* Pods-FlixTests.release.xcconfig */ = {isa = PBXFileReference; includeInIndex = 1; lastKnownFileType = text.xcconfig; name = "Pods-FlixTests.release.xcconfig"; path = "Target Support Files/Pods-FlixTests/Pods-FlixTests.release.xcconfig"; sourceTree = "<group>"; };
		B80457C227B7047200EB7EA6 /* Flix.app */ = {isa = PBXFileReference; explicitFileType = wrapper.application; includeInIndex = 0; path = Flix.app; sourceTree = BUILT_PRODUCTS_DIR; };
		B80457C527B7047200EB7EA6 /* AppDelegate.swift */ = {isa = PBXFileReference; lastKnownFileType = sourcecode.swift; path = AppDelegate.swift; sourceTree = "<group>"; };
		B80457C727B7047200EB7EA6 /* SceneDelegate.swift */ = {isa = PBXFileReference; lastKnownFileType = sourcecode.swift; path = SceneDelegate.swift; sourceTree = "<group>"; };
		B80457C927B7047200EB7EA6 /* MovieViewController.swift */ = {isa = PBXFileReference; lastKnownFileType = sourcecode.swift; path = MovieViewController.swift; sourceTree = "<group>"; };
		B80457CC27B7047200EB7EA6 /* Base */ = {isa = PBXFileReference; lastKnownFileType = file.storyboard; name = Base; path = Base.lproj/Main.storyboard; sourceTree = "<group>"; };
		B80457CE27B7047300EB7EA6 /* Assets.xcassets */ = {isa = PBXFileReference; lastKnownFileType = folder.assetcatalog; path = Assets.xcassets; sourceTree = "<group>"; };
		B80457D127B7047300EB7EA6 /* Base */ = {isa = PBXFileReference; lastKnownFileType = file.storyboard; name = Base; path = Base.lproj/LaunchScreen.storyboard; sourceTree = "<group>"; };
		B80457D327B7047300EB7EA6 /* Info.plist */ = {isa = PBXFileReference; lastKnownFileType = text.plist.xml; path = Info.plist; sourceTree = "<group>"; };
		B80457D827B7047300EB7EA6 /* FlixTests.xctest */ = {isa = PBXFileReference; explicitFileType = wrapper.cfbundle; includeInIndex = 0; path = FlixTests.xctest; sourceTree = BUILT_PRODUCTS_DIR; };
		B80457DC27B7047300EB7EA6 /* FlixTests.swift */ = {isa = PBXFileReference; lastKnownFileType = sourcecode.swift; path = FlixTests.swift; sourceTree = "<group>"; };
		B80457E227B7047300EB7EA6 /* FlixUITests.xctest */ = {isa = PBXFileReference; explicitFileType = wrapper.cfbundle; includeInIndex = 0; path = FlixUITests.xctest; sourceTree = BUILT_PRODUCTS_DIR; };
		B80457E627B7047300EB7EA6 /* FlixUITests.swift */ = {isa = PBXFileReference; lastKnownFileType = sourcecode.swift; path = FlixUITests.swift; sourceTree = "<group>"; };
		B80457E827B7047300EB7EA6 /* FlixUITestsLaunchTests.swift */ = {isa = PBXFileReference; lastKnownFileType = sourcecode.swift; path = FlixUITestsLaunchTests.swift; sourceTree = "<group>"; };
		B884BF7B27B854640052A00E /* MovieCell.swift */ = {isa = PBXFileReference; lastKnownFileType = sourcecode.swift; path = MovieCell.swift; sourceTree = "<group>"; };
		BD3DEC79F8707A2DE5725B3A /* Pods-Flix.debug.xcconfig */ = {isa = PBXFileReference; includeInIndex = 1; lastKnownFileType = text.xcconfig; name = "Pods-Flix.debug.xcconfig"; path = "Target Support Files/Pods-Flix/Pods-Flix.debug.xcconfig"; sourceTree = "<group>"; };
		FCECA30CC5D734A8712667F8 /* Pods_Flix.framework */ = {isa = PBXFileReference; explicitFileType = wrapper.framework; includeInIndex = 0; path = Pods_Flix.framework; sourceTree = BUILT_PRODUCTS_DIR; };
/* End PBXFileReference section */

/* Begin PBXFrameworksBuildPhase section */
		B80457BF27B7047200EB7EA6 /* Frameworks */ = {
			isa = PBXFrameworksBuildPhase;
			buildActionMask = 2147483647;
			files = (
				B884BF7F27B858E10052A00E /* AlamofireImage in Frameworks */,
				1572C7BF2212663F2D9CC88B /* Pods_Flix.framework in Frameworks */,
			);
			runOnlyForDeploymentPostprocessing = 0;
		};
		B80457D527B7047300EB7EA6 /* Frameworks */ = {
			isa = PBXFrameworksBuildPhase;
			buildActionMask = 2147483647;
			files = (
				5BADEB73D48F23C81025BB48 /* Pods_FlixTests.framework in Frameworks */,
			);
			runOnlyForDeploymentPostprocessing = 0;
		};
		B80457DF27B7047300EB7EA6 /* Frameworks */ = {
			isa = PBXFrameworksBuildPhase;
			buildActionMask = 2147483647;
			files = (
				83B80FEDAF14AAEB14C0354D /* Pods_Flix_FlixUITests.framework in Frameworks */,
			);
			runOnlyForDeploymentPostprocessing = 0;
		};
/* End PBXFrameworksBuildPhase section */

/* Begin PBXGroup section */
		1606D82840C24477129EE6B1 /* Pods */ = {
			isa = PBXGroup;
			children = (
				BD3DEC79F8707A2DE5725B3A /* Pods-Flix.debug.xcconfig */,
				3B9B60424DA265AEAB113BE2 /* Pods-Flix.release.xcconfig */,
				1C13D83E1638A9DBC6EAF214 /* Pods-Flix-FlixUITests.debug.xcconfig */,
				89524C9CEEF85A920D478892 /* Pods-Flix-FlixUITests.release.xcconfig */,
				4FFAE317E6877B3C63D756A8 /* Pods-FlixTests.debug.xcconfig */,
				ADC981D268458DB9BEA9532F /* Pods-FlixTests.release.xcconfig */,
			);
			name = Pods;
			path = Pods;
			sourceTree = "<group>";
		};
		5196638E6805DE791B1441E8 /* Frameworks */ = {
			isa = PBXGroup;
			children = (
				FCECA30CC5D734A8712667F8 /* Pods_Flix.framework */,
				6114C5BD1C9D831874A06C47 /* Pods_Flix_FlixUITests.framework */,
				04039F3903218BB57479B187 /* Pods_FlixTests.framework */,
			);
			name = Frameworks;
			sourceTree = "<group>";
		};
		B80457B927B7047200EB7EA6 = {
			isa = PBXGroup;
			children = (
				B80457C427B7047200EB7EA6 /* Flix */,
				B80457DB27B7047300EB7EA6 /* FlixTests */,
				B80457E527B7047300EB7EA6 /* FlixUITests */,
				B80457C327B7047200EB7EA6 /* Products */,
				1606D82840C24477129EE6B1 /* Pods */,
				5196638E6805DE791B1441E8 /* Frameworks */,
			);
			sourceTree = "<group>";
		};
		B80457C327B7047200EB7EA6 /* Products */ = {
			isa = PBXGroup;
			children = (
				B80457C227B7047200EB7EA6 /* Flix.app */,
				B80457D827B7047300EB7EA6 /* FlixTests.xctest */,
				B80457E227B7047300EB7EA6 /* FlixUITests.xctest */,
			);
			name = Products;
			sourceTree = "<group>";
		};
		B80457C427B7047200EB7EA6 /* Flix */ = {
			isa = PBXGroup;
			children = (
				B80457C527B7047200EB7EA6 /* AppDelegate.swift */,
				B80457C727B7047200EB7EA6 /* SceneDelegate.swift */,
				B80457C927B7047200EB7EA6 /* MovieViewController.swift */,
				B80457CB27B7047200EB7EA6 /* Main.storyboard */,
				B884BF7B27B854640052A00E /* MovieCell.swift */,
				B80457CE27B7047300EB7EA6 /* Assets.xcassets */,
				B80457D027B7047300EB7EA6 /* LaunchScreen.storyboard */,
				B80457D327B7047300EB7EA6 /* Info.plist */,
			);
			path = Flix;
			sourceTree = "<group>";
		};
		B80457DB27B7047300EB7EA6 /* FlixTests */ = {
			isa = PBXGroup;
			children = (
				B80457DC27B7047300EB7EA6 /* FlixTests.swift */,
			);
			path = FlixTests;
			sourceTree = "<group>";
		};
		B80457E527B7047300EB7EA6 /* FlixUITests */ = {
			isa = PBXGroup;
			children = (
				B80457E627B7047300EB7EA6 /* FlixUITests.swift */,
				B80457E827B7047300EB7EA6 /* FlixUITestsLaunchTests.swift */,
			);
			path = FlixUITests;
			sourceTree = "<group>";
		};
/* End PBXGroup section */

/* Begin PBXNativeTarget section */
		B80457C127B7047200EB7EA6 /* Flix */ = {
			isa = PBXNativeTarget;
			buildConfigurationList = B80457EC27B7047300EB7EA6 /* Build configuration list for PBXNativeTarget "Flix" */;
			buildPhases = (
				520C656BC63C1AE4DB680935 /* [CP] Check Pods Manifest.lock */,
				B80457BE27B7047200EB7EA6 /* Sources */,
				B80457BF27B7047200EB7EA6 /* Frameworks */,
				B80457C027B7047200EB7EA6 /* Resources */,
				C8617A31DA0DDC02D743E08F /* [CP] Embed Pods Frameworks */,
			);
			buildRules = (
			);
			dependencies = (
			);
			name = Flix;
			packageProductDependencies = (
				B884BF7E27B858E10052A00E /* AlamofireImage */,
			);
			productName = Flix;
			productReference = B80457C227B7047200EB7EA6 /* Flix.app */;
			productType = "com.apple.product-type.application";
		};
		B80457D727B7047300EB7EA6 /* FlixTests */ = {
			isa = PBXNativeTarget;
			buildConfigurationList = B80457EF27B7047300EB7EA6 /* Build configuration list for PBXNativeTarget "FlixTests" */;
			buildPhases = (
				E6AFF7279A5AB943A4C35523 /* [CP] Check Pods Manifest.lock */,
				B80457D427B7047300EB7EA6 /* Sources */,
				B80457D527B7047300EB7EA6 /* Frameworks */,
				B80457D627B7047300EB7EA6 /* Resources */,
			);
			buildRules = (
			);
			dependencies = (
				B80457DA27B7047300EB7EA6 /* PBXTargetDependency */,
			);
			name = FlixTests;
			productName = FlixTests;
			productReference = B80457D827B7047300EB7EA6 /* FlixTests.xctest */;
			productType = "com.apple.product-type.bundle.unit-test";
		};
		B80457E127B7047300EB7EA6 /* FlixUITests */ = {
			isa = PBXNativeTarget;
			buildConfigurationList = B80457F227B7047300EB7EA6 /* Build configuration list for PBXNativeTarget "FlixUITests" */;
			buildPhases = (
				F525E3AA8078BC0468B8CAB3 /* [CP] Check Pods Manifest.lock */,
				B80457DE27B7047300EB7EA6 /* Sources */,
				B80457DF27B7047300EB7EA6 /* Frameworks */,
				B80457E027B7047300EB7EA6 /* Resources */,
				11EE65ED66F61305F376B226 /* [CP] Embed Pods Frameworks */,
			);
			buildRules = (
			);
			dependencies = (
				B80457E427B7047300EB7EA6 /* PBXTargetDependency */,
			);
			name = FlixUITests;
			productName = FlixUITests;
			productReference = B80457E227B7047300EB7EA6 /* FlixUITests.xctest */;
			productType = "com.apple.product-type.bundle.ui-testing";
		};
/* End PBXNativeTarget section */

/* Begin PBXProject section */
		B80457BA27B7047200EB7EA6 /* Project object */ = {
			isa = PBXProject;
			attributes = {
				BuildIndependentTargetsInParallel = 1;
				LastSwiftUpdateCheck = 1320;
				LastUpgradeCheck = 1320;
				TargetAttributes = {
					B80457C127B7047200EB7EA6 = {
						CreatedOnToolsVersion = 13.2.1;
					};
					B80457D727B7047300EB7EA6 = {
						CreatedOnToolsVersion = 13.2.1;
						TestTargetID = B80457C127B7047200EB7EA6;
					};
					B80457E127B7047300EB7EA6 = {
						CreatedOnToolsVersion = 13.2.1;
						TestTargetID = B80457C127B7047200EB7EA6;
					};
				};
			};
			buildConfigurationList = B80457BD27B7047200EB7EA6 /* Build configuration list for PBXProject "Flix" */;
			compatibilityVersion = "Xcode 13.0";
			developmentRegion = en;
			hasScannedForEncodings = 0;
			knownRegions = (
				en,
				Base,
			);
			mainGroup = B80457B927B7047200EB7EA6;
			packageReferences = (
				B884BF7D27B858E10052A00E /* XCRemoteSwiftPackageReference "AlamofireImage" */,
			);
			productRefGroup = B80457C327B7047200EB7EA6 /* Products */;
			projectDirPath = "";
			projectRoot = "";
			targets = (
				B80457C127B7047200EB7EA6 /* Flix */,
				B80457D727B7047300EB7EA6 /* FlixTests */,
				B80457E127B7047300EB7EA6 /* FlixUITests */,
			);
		};
/* End PBXProject section */

/* Begin PBXResourcesBuildPhase section */
		B80457C027B7047200EB7EA6 /* Resources */ = {
			isa = PBXResourcesBuildPhase;
			buildActionMask = 2147483647;
			files = (
				B80457D227B7047300EB7EA6 /* LaunchScreen.storyboard in Resources */,
				B80457CF27B7047300EB7EA6 /* Assets.xcassets in Resources */,
				B80457CD27B7047200EB7EA6 /* Main.storyboard in Resources */,
			);
			runOnlyForDeploymentPostprocessing = 0;
		};
		B80457D627B7047300EB7EA6 /* Resources */ = {
			isa = PBXResourcesBuildPhase;
			buildActionMask = 2147483647;
			files = (
			);
			runOnlyForDeploymentPostprocessing = 0;
		};
		B80457E027B7047300EB7EA6 /* Resources */ = {
			isa = PBXResourcesBuildPhase;
			buildActionMask = 2147483647;
			files = (
			);
			runOnlyForDeploymentPostprocessing = 0;
		};
/* End PBXResourcesBuildPhase section */

/* Begin PBXShellScriptBuildPhase section */
		11EE65ED66F61305F376B226 /* [CP] Embed Pods Frameworks */ = {
			isa = PBXShellScriptBuildPhase;
			buildActionMask = 2147483647;
			files = (
			);
			inputFileListPaths = (
				"${PODS_ROOT}/Target Support Files/Pods-Flix-FlixUITests/Pods-Flix-FlixUITests-frameworks-${CONFIGURATION}-input-files.xcfilelist",
			);
			name = "[CP] Embed Pods Frameworks";
			outputFileListPaths = (
				"${PODS_ROOT}/Target Support Files/Pods-Flix-FlixUITests/Pods-Flix-FlixUITests-frameworks-${CONFIGURATION}-output-files.xcfilelist",
			);
			runOnlyForDeploymentPostprocessing = 0;
			shellPath = /bin/sh;
			shellScript = "\"${PODS_ROOT}/Target Support Files/Pods-Flix-FlixUITests/Pods-Flix-FlixUITests-frameworks.sh\"\n";
			showEnvVarsInLog = 0;
		};
		520C656BC63C1AE4DB680935 /* [CP] Check Pods Manifest.lock */ = {
			isa = PBXShellScriptBuildPhase;
			buildActionMask = 2147483647;
			files = (
			);
			inputFileListPaths = (
			);
			inputPaths = (
				"${PODS_PODFILE_DIR_PATH}/Podfile.lock",
				"${PODS_ROOT}/Manifest.lock",
			);
			name = "[CP] Check Pods Manifest.lock";
			outputFileListPaths = (
			);
			outputPaths = (
				"$(DERIVED_FILE_DIR)/Pods-Flix-checkManifestLockResult.txt",
			);
			runOnlyForDeploymentPostprocessing = 0;
			shellPath = /bin/sh;
			shellScript = "diff \"${PODS_PODFILE_DIR_PATH}/Podfile.lock\" \"${PODS_ROOT}/Manifest.lock\" > /dev/null\nif [ $? != 0 ] ; then\n    # print error to STDERR\n    echo \"error: The sandbox is not in sync with the Podfile.lock. Run 'pod install' or update your CocoaPods installation.\" >&2\n    exit 1\nfi\n# This output is used by Xcode 'outputs' to avoid re-running this script phase.\necho \"SUCCESS\" > \"${SCRIPT_OUTPUT_FILE_0}\"\n";
			showEnvVarsInLog = 0;
		};
		C8617A31DA0DDC02D743E08F /* [CP] Embed Pods Frameworks */ = {
			isa = PBXShellScriptBuildPhase;
			buildActionMask = 2147483647;
			files = (
			);
			inputFileListPaths = (
				"${PODS_ROOT}/Target Support Files/Pods-Flix/Pods-Flix-frameworks-${CONFIGURATION}-input-files.xcfilelist",
			);
			name = "[CP] Embed Pods Frameworks";
			outputFileListPaths = (
				"${PODS_ROOT}/Target Support Files/Pods-Flix/Pods-Flix-frameworks-${CONFIGURATION}-output-files.xcfilelist",
			);
			runOnlyForDeploymentPostprocessing = 0;
			shellPath = /bin/sh;
			shellScript = "\"${PODS_ROOT}/Target Support Files/Pods-Flix/Pods-Flix-frameworks.sh\"\n";
			showEnvVarsInLog = 0;
		};
		E6AFF7279A5AB943A4C35523 /* [CP] Check Pods Manifest.lock */ = {
			isa = PBXShellScriptBuildPhase;
			buildActionMask = 2147483647;
			files = (
			);
			inputFileListPaths = (
			);
			inputPaths = (
				"${PODS_PODFILE_DIR_PATH}/Podfile.lock",
				"${PODS_ROOT}/Manifest.lock",
			);
			name = "[CP] Check Pods Manifest.lock";
			outputFileListPaths = (
			);
			outputPaths = (
				"$(DERIVED_FILE_DIR)/Pods-FlixTests-checkManifestLockResult.txt",
			);
			runOnlyForDeploymentPostprocessing = 0;
			shellPath = /bin/sh;
			shellScript = "diff \"${PODS_PODFILE_DIR_PATH}/Podfile.lock\" \"${PODS_ROOT}/Manifest.lock\" > /dev/null\nif [ $? != 0 ] ; then\n    # print error to STDERR\n    echo \"error: The sandbox is not in sync with the Podfile.lock. Run 'pod install' or update your CocoaPods installation.\" >&2\n    exit 1\nfi\n# This output is used by Xcode 'outputs' to avoid re-running this script phase.\necho \"SUCCESS\" > \"${SCRIPT_OUTPUT_FILE_0}\"\n";
			showEnvVarsInLog = 0;
		};
		F525E3AA8078BC0468B8CAB3 /* [CP] Check Pods Manifest.lock */ = {
			isa = PBXShellScriptBuildPhase;
			buildActionMask = 2147483647;
			files = (
			);
			inputFileListPaths = (
			);
			inputPaths = (
				"${PODS_PODFILE_DIR_PATH}/Podfile.lock",
				"${PODS_ROOT}/Manifest.lock",
			);
			name = "[CP] Check Pods Manifest.lock";
			outputFileListPaths = (
			);
			outputPaths = (
				"$(DERIVED_FILE_DIR)/Pods-Flix-FlixUITests-checkManifestLockResult.txt",
			);
			runOnlyForDeploymentPostprocessing = 0;
			shellPath = /bin/sh;
			shellScript = "diff \"${PODS_PODFILE_DIR_PATH}/Podfile.lock\" \"${PODS_ROOT}/Manifest.lock\" > /dev/null\nif [ $? != 0 ] ; then\n    # print error to STDERR\n    echo \"error: The sandbox is not in sync with the Podfile.lock. Run 'pod install' or update your CocoaPods installation.\" >&2\n    exit 1\nfi\n# This output is used by Xcode 'outputs' to avoid re-running this script phase.\necho \"SUCCESS\" > \"${SCRIPT_OUTPUT_FILE_0}\"\n";
			showEnvVarsInLog = 0;
		};
/* End PBXShellScriptBuildPhase section */

/* Begin PBXSourcesBuildPhase section */
		B80457BE27B7047200EB7EA6 /* Sources */ = {
			isa = PBXSourcesBuildPhase;
			buildActionMask = 2147483647;
			files = (
				B80457CA27B7047200EB7EA6 /* MovieViewController.swift in Sources */,
				B80457C627B7047200EB7EA6 /* AppDelegate.swift in Sources */,
				B884BF7C27B854640052A00E /* MovieCell.swift in Sources */,
				B80457C827B7047200EB7EA6 /* SceneDelegate.swift in Sources */,
			);
			runOnlyForDeploymentPostprocessing = 0;
		};
		B80457D427B7047300EB7EA6 /* Sources */ = {
			isa = PBXSourcesBuildPhase;
			buildActionMask = 2147483647;
			files = (
				B80457DD27B7047300EB7EA6 /* FlixTests.swift in Sources */,
			);
			runOnlyForDeploymentPostprocessing = 0;
		};
		B80457DE27B7047300EB7EA6 /* Sources */ = {
			isa = PBXSourcesBuildPhase;
			buildActionMask = 2147483647;
			files = (
				B80457E727B7047300EB7EA6 /* FlixUITests.swift in Sources */,
				B80457E927B7047300EB7EA6 /* FlixUITestsLaunchTests.swift in Sources */,
			);
			runOnlyForDeploymentPostprocessing = 0;
		};
/* End PBXSourcesBuildPhase section */

/* Begin PBXTargetDependency section */
		B80457DA27B7047300EB7EA6 /* PBXTargetDependency */ = {
			isa = PBXTargetDependency;
			target = B80457C127B7047200EB7EA6 /* Flix */;
			targetProxy = B80457D927B7047300EB7EA6 /* PBXContainerItemProxy */;
		};
		B80457E427B7047300EB7EA6 /* PBXTargetDependency */ = {
			isa = PBXTargetDependency;
			target = B80457C127B7047200EB7EA6 /* Flix */;
			targetProxy = B80457E327B7047300EB7EA6 /* PBXContainerItemProxy */;
		};
/* End PBXTargetDependency section */

/* Begin PBXVariantGroup section */
		B80457CB27B7047200EB7EA6 /* Main.storyboard */ = {
			isa = PBXVariantGroup;
			children = (
				B80457CC27B7047200EB7EA6 /* Base */,
			);
			name = Main.storyboard;
			sourceTree = "<group>";
		};
		B80457D027B7047300EB7EA6 /* LaunchScreen.storyboard */ = {
			isa = PBXVariantGroup;
			children = (
				B80457D127B7047300EB7EA6 /* Base */,
			);
			name = LaunchScreen.storyboard;
			sourceTree = "<group>";
		};
/* End PBXVariantGroup section */

/* Begin XCBuildConfiguration section */
		B80457EA27B7047300EB7EA6 /* Debug */ = {
			isa = XCBuildConfiguration;
			buildSettings = {
				ALWAYS_SEARCH_USER_PATHS = NO;
				CLANG_ANALYZER_NONNULL = YES;
				CLANG_ANALYZER_NUMBER_OBJECT_CONVERSION = YES_AGGRESSIVE;
				CLANG_CXX_LANGUAGE_STANDARD = "gnu++17";
				CLANG_CXX_LIBRARY = "libc++";
				CLANG_ENABLE_MODULES = YES;
				CLANG_ENABLE_OBJC_ARC = YES;
				CLANG_ENABLE_OBJC_WEAK = YES;
				CLANG_WARN_BLOCK_CAPTURE_AUTORELEASING = YES;
				CLANG_WARN_BOOL_CONVERSION = YES;
				CLANG_WARN_COMMA = YES;
				CLANG_WARN_CONSTANT_CONVERSION = YES;
				CLANG_WARN_DEPRECATED_OBJC_IMPLEMENTATIONS = YES;
				CLANG_WARN_DIRECT_OBJC_ISA_USAGE = YES_ERROR;
				CLANG_WARN_DOCUMENTATION_COMMENTS = YES;
				CLANG_WARN_EMPTY_BODY = YES;
				CLANG_WARN_ENUM_CONVERSION = YES;
				CLANG_WARN_INFINITE_RECURSION = YES;
				CLANG_WARN_INT_CONVERSION = YES;
				CLANG_WARN_NON_LITERAL_NULL_CONVERSION = YES;
				CLANG_WARN_OBJC_IMPLICIT_RETAIN_SELF = YES;
				CLANG_WARN_OBJC_LITERAL_CONVERSION = YES;
				CLANG_WARN_OBJC_ROOT_CLASS = YES_ERROR;
				CLANG_WARN_QUOTED_INCLUDE_IN_FRAMEWORK_HEADER = YES;
				CLANG_WARN_RANGE_LOOP_ANALYSIS = YES;
				CLANG_WARN_STRICT_PROTOTYPES = YES;
				CLANG_WARN_SUSPICIOUS_MOVE = YES;
				CLANG_WARN_UNGUARDED_AVAILABILITY = YES_AGGRESSIVE;
				CLANG_WARN_UNREACHABLE_CODE = YES;
				CLANG_WARN__DUPLICATE_METHOD_MATCH = YES;
				COPY_PHASE_STRIP = NO;
				DEBUG_INFORMATION_FORMAT = dwarf;
				ENABLE_STRICT_OBJC_MSGSEND = YES;
				ENABLE_TESTABILITY = YES;
				GCC_C_LANGUAGE_STANDARD = gnu11;
				GCC_DYNAMIC_NO_PIC = NO;
				GCC_NO_COMMON_BLOCKS = YES;
				GCC_OPTIMIZATION_LEVEL = 0;
				GCC_PREPROCESSOR_DEFINITIONS = (
					"DEBUG=1",
					"$(inherited)",
				);
				GCC_WARN_64_TO_32_BIT_CONVERSION = YES;
				GCC_WARN_ABOUT_RETURN_TYPE = YES_ERROR;
				GCC_WARN_UNDECLARED_SELECTOR = YES;
				GCC_WARN_UNINITIALIZED_AUTOS = YES_AGGRESSIVE;
				GCC_WARN_UNUSED_FUNCTION = YES;
				GCC_WARN_UNUSED_VARIABLE = YES;
				IPHONEOS_DEPLOYMENT_TARGET = 15.2;
				MTL_ENABLE_DEBUG_INFO = INCLUDE_SOURCE;
				MTL_FAST_MATH = YES;
				ONLY_ACTIVE_ARCH = YES;
				SDKROOT = iphoneos;
				SWIFT_ACTIVE_COMPILATION_CONDITIONS = DEBUG;
				SWIFT_OPTIMIZATION_LEVEL = "-Onone";
			};
			name = Debug;
		};
		B80457EB27B7047300EB7EA6 /* Release */ = {
			isa = XCBuildConfiguration;
			buildSettings = {
				ALWAYS_SEARCH_USER_PATHS = NO;
				CLANG_ANALYZER_NONNULL = YES;
				CLANG_ANALYZER_NUMBER_OBJECT_CONVERSION = YES_AGGRESSIVE;
				CLANG_CXX_LANGUAGE_STANDARD = "gnu++17";
				CLANG_CXX_LIBRARY = "libc++";
				CLANG_ENABLE_MODULES = YES;
				CLANG_ENABLE_OBJC_ARC = YES;
				CLANG_ENABLE_OBJC_WEAK = YES;
				CLANG_WARN_BLOCK_CAPTURE_AUTORELEASING = YES;
				CLANG_WARN_BOOL_CONVERSION = YES;
				CLANG_WARN_COMMA = YES;
				CLANG_WARN_CONSTANT_CONVERSION = YES;
				CLANG_WARN_DEPRECATED_OBJC_IMPLEMENTATIONS = YES;
				CLANG_WARN_DIRECT_OBJC_ISA_USAGE = YES_ERROR;
				CLANG_WARN_DOCUMENTATION_COMMENTS = YES;
				CLANG_WARN_EMPTY_BODY = YES;
				CLANG_WARN_ENUM_CONVERSION = YES;
				CLANG_WARN_INFINITE_RECURSION = YES;
				CLANG_WARN_INT_CONVERSION = YES;
				CLANG_WARN_NON_LITERAL_NULL_CONVERSION = YES;
				CLANG_WARN_OBJC_IMPLICIT_RETAIN_SELF = YES;
				CLANG_WARN_OBJC_LITERAL_CONVERSION = YES;
				CLANG_WARN_OBJC_ROOT_CLASS = YES_ERROR;
				CLANG_WARN_QUOTED_INCLUDE_IN_FRAMEWORK_HEADER = YES;
				CLANG_WARN_RANGE_LOOP_ANALYSIS = YES;
				CLANG_WARN_STRICT_PROTOTYPES = YES;
				CLANG_WARN_SUSPICIOUS_MOVE = YES;
				CLANG_WARN_UNGUARDED_AVAILABILITY = YES_AGGRESSIVE;
				CLANG_WARN_UNREACHABLE_CODE = YES;
				CLANG_WARN__DUPLICATE_METHOD_MATCH = YES;
				COPY_PHASE_STRIP = NO;
				DEBUG_INFORMATION_FORMAT = "dwarf-with-dsym";
				ENABLE_NS_ASSERTIONS = NO;
				ENABLE_STRICT_OBJC_MSGSEND = YES;
				GCC_C_LANGUAGE_STANDARD = gnu11;
				GCC_NO_COMMON_BLOCKS = YES;
				GCC_WARN_64_TO_32_BIT_CONVERSION = YES;
				GCC_WARN_ABOUT_RETURN_TYPE = YES_ERROR;
				GCC_WARN_UNDECLARED_SELECTOR = YES;
				GCC_WARN_UNINITIALIZED_AUTOS = YES_AGGRESSIVE;
				GCC_WARN_UNUSED_FUNCTION = YES;
				GCC_WARN_UNUSED_VARIABLE = YES;
				IPHONEOS_DEPLOYMENT_TARGET = 15.2;
				MTL_ENABLE_DEBUG_INFO = NO;
				MTL_FAST_MATH = YES;
				SDKROOT = iphoneos;
				SWIFT_COMPILATION_MODE = wholemodule;
				SWIFT_OPTIMIZATION_LEVEL = "-O";
				VALIDATE_PRODUCT = YES;
			};
			name = Release;
		};
		B80457ED27B7047300EB7EA6 /* Debug */ = {
			isa = XCBuildConfiguration;
			baseConfigurationReference = BD3DEC79F8707A2DE5725B3A /* Pods-Flix.debug.xcconfig */;
			buildSettings = {
				ASSETCATALOG_COMPILER_APPICON_NAME = AppIcon;
				ASSETCATALOG_COMPILER_GLOBAL_ACCENT_COLOR_NAME = AccentColor;
				CODE_SIGN_STYLE = Automatic;
				CURRENT_PROJECT_VERSION = 1;
				DEVELOPMENT_TEAM = KZN4969Y38;
				GENERATE_INFOPLIST_FILE = YES;
				INFOPLIST_FILE = Flix/Info.plist;
				INFOPLIST_KEY_UIApplicationSupportsIndirectInputEvents = YES;
				INFOPLIST_KEY_UILaunchStoryboardName = LaunchScreen;
				INFOPLIST_KEY_UIMainStoryboardFile = Main;
				INFOPLIST_KEY_UISupportedInterfaceOrientations_iPad = "UIInterfaceOrientationPortrait UIInterfaceOrientationPortraitUpsideDown UIInterfaceOrientationLandscapeLeft UIInterfaceOrientationLandscapeRight";
				INFOPLIST_KEY_UISupportedInterfaceOrientations_iPhone = "UIInterfaceOrientationPortrait UIInterfaceOrientationLandscapeLeft UIInterfaceOrientationLandscapeRight";
				LD_RUNPATH_SEARCH_PATHS = (
					"$(inherited)",
					"@executable_path/Frameworks",
				);
				MARKETING_VERSION = 1.0;
				PRODUCT_BUNDLE_IDENTIFIER = com.anisa.Flix;
				PRODUCT_NAME = "$(TARGET_NAME)";
				SWIFT_EMIT_LOC_STRINGS = YES;
				SWIFT_VERSION = 5.0;
				TARGETED_DEVICE_FAMILY = "1,2";
			};
			name = Debug;
		};
		B80457EE27B7047300EB7EA6 /* Release */ = {
			isa = XCBuildConfiguration;
			baseConfigurationReference = 3B9B60424DA265AEAB113BE2 /* Pods-Flix.release.xcconfig */;
			buildSettings = {
				ASSETCATALOG_COMPILER_APPICON_NAME = AppIcon;
				ASSETCATALOG_COMPILER_GLOBAL_ACCENT_COLOR_NAME = AccentColor;
				CODE_SIGN_STYLE = Automatic;
				CURRENT_PROJECT_VERSION = 1;
				DEVELOPMENT_TEAM = KZN4969Y38;
				GENERATE_INFOPLIST_FILE = YES;
				INFOPLIST_FILE = Flix/Info.plist;
				INFOPLIST_KEY_UIApplicationSupportsIndirectInputEvents = YES;
				INFOPLIST_KEY_UILaunchStoryboardName = LaunchScreen;
				INFOPLIST_KEY_UIMainStoryboardFile = Main;
				INFOPLIST_KEY_UISupportedInterfaceOrientations_iPad = "UIInterfaceOrientationPortrait UIInterfaceOrientationPortraitUpsideDown UIInterfaceOrientationLandscapeLeft UIInterfaceOrientationLandscapeRight";
				INFOPLIST_KEY_UISupportedInterfaceOrientations_iPhone = "UIInterfaceOrientationPortrait UIInterfaceOrientationLandscapeLeft UIInterfaceOrientationLandscapeRight";
				LD_RUNPATH_SEARCH_PATHS = (
					"$(inherited)",
					"@executable_path/Frameworks",
				);
				MARKETING_VERSION = 1.0;
				PRODUCT_BUNDLE_IDENTIFIER = com.anisa.Flix;
				PRODUCT_NAME = "$(TARGET_NAME)";
				SWIFT_EMIT_LOC_STRINGS = YES;
				SWIFT_VERSION = 5.0;
				TARGETED_DEVICE_FAMILY = "1,2";
			};
			name = Release;
		};
		B80457F027B7047300EB7EA6 /* Debug */ = {
			isa = XCBuildConfiguration;
			baseConfigurationReference = 4FFAE317E6877B3C63D756A8 /* Pods-FlixTests.debug.xcconfig */;
			buildSettings = {
				ALWAYS_EMBED_SWIFT_STANDARD_LIBRARIES = YES;
				BUNDLE_LOADER = "$(TEST_HOST)";
				CODE_SIGN_STYLE = Automatic;
				CURRENT_PROJECT_VERSION = 1;
				DEVELOPMENT_TEAM = KZN4969Y38;
				GENERATE_INFOPLIST_FILE = YES;
				IPHONEOS_DEPLOYMENT_TARGET = 15.2;
				MARKETING_VERSION = 1.0;
				PRODUCT_BUNDLE_IDENTIFIER = com.anisa.FlixTests;
				PRODUCT_NAME = "$(TARGET_NAME)";
				SWIFT_EMIT_LOC_STRINGS = NO;
				SWIFT_VERSION = 5.0;
				TARGETED_DEVICE_FAMILY = "1,2";
				TEST_HOST = "$(BUILT_PRODUCTS_DIR)/Flix.app/Flix";
			};
			name = Debug;
		};
		B80457F127B7047300EB7EA6 /* Release */ = {
			isa = XCBuildConfiguration;
			baseConfigurationReference = ADC981D268458DB9BEA9532F /* Pods-FlixTests.release.xcconfig */;
			buildSettings = {
				ALWAYS_EMBED_SWIFT_STANDARD_LIBRARIES = YES;
				BUNDLE_LOADER = "$(TEST_HOST)";
				CODE_SIGN_STYLE = Automatic;
				CURRENT_PROJECT_VERSION = 1;
				DEVELOPMENT_TEAM = KZN4969Y38;
				GENERATE_INFOPLIST_FILE = YES;
				IPHONEOS_DEPLOYMENT_TARGET = 15.2;
				MARKETING_VERSION = 1.0;
				PRODUCT_BUNDLE_IDENTIFIER = com.anisa.FlixTests;
				PRODUCT_NAME = "$(TARGET_NAME)";
				SWIFT_EMIT_LOC_STRINGS = NO;
				SWIFT_VERSION = 5.0;
				TARGETED_DEVICE_FAMILY = "1,2";
				TEST_HOST = "$(BUILT_PRODUCTS_DIR)/Flix.app/Flix";
			};
			name = Release;
		};
		B80457F327B7047300EB7EA6 /* Debug */ = {
			isa = XCBuildConfiguration;
			baseConfigurationReference = 1C13D83E1638A9DBC6EAF214 /* Pods-Flix-FlixUITests.debug.xcconfig */;
			buildSettings = {
				ALWAYS_EMBED_SWIFT_STANDARD_LIBRARIES = YES;
				CODE_SIGN_STYLE = Automatic;
				CURRENT_PROJECT_VERSION = 1;
				DEVELOPMENT_TEAM = KZN4969Y38;
				GENERATE_INFOPLIST_FILE = YES;
				MARKETING_VERSION = 1.0;
				PRODUCT_BUNDLE_IDENTIFIER = com.anisa.FlixUITests;
				PRODUCT_NAME = "$(TARGET_NAME)";
				SWIFT_EMIT_LOC_STRINGS = NO;
				SWIFT_VERSION = 5.0;
				TARGETED_DEVICE_FAMILY = "1,2";
				TEST_TARGET_NAME = Flix;
			};
			name = Debug;
		};
		B80457F427B7047300EB7EA6 /* Release */ = {
			isa = XCBuildConfiguration;
			baseConfigurationReference = 89524C9CEEF85A920D478892 /* Pods-Flix-FlixUITests.release.xcconfig */;
			buildSettings = {
				ALWAYS_EMBED_SWIFT_STANDARD_LIBRARIES = YES;
				CODE_SIGN_STYLE = Automatic;
				CURRENT_PROJECT_VERSION = 1;
				DEVELOPMENT_TEAM = KZN4969Y38;
				GENERATE_INFOPLIST_FILE = YES;
				MARKETING_VERSION = 1.0;
				PRODUCT_BUNDLE_IDENTIFIER = com.anisa.FlixUITests;
				PRODUCT_NAME = "$(TARGET_NAME)";
				SWIFT_EMIT_LOC_STRINGS = NO;
				SWIFT_VERSION = 5.0;
				TARGETED_DEVICE_FAMILY = "1,2";
				TEST_TARGET_NAME = Flix;
			};
			name = Release;
		};
/* End XCBuildConfiguration section */

/* Begin XCConfigurationList section */
		B80457BD27B7047200EB7EA6 /* Build configuration list for PBXProject "Flix" */ = {
			isa = XCConfigurationList;
			buildConfigurations = (
				B80457EA27B7047300EB7EA6 /* Debug */,
				B80457EB27B7047300EB7EA6 /* Release */,
			);
			defaultConfigurationIsVisible = 0;
			defaultConfigurationName = Release;
		};
		B80457EC27B7047300EB7EA6 /* Build configuration list for PBXNativeTarget "Flix" */ = {
			isa = XCConfigurationList;
			buildConfigurations = (
				B80457ED27B7047300EB7EA6 /* Debug */,
				B80457EE27B7047300EB7EA6 /* Release */,
			);
			defaultConfigurationIsVisible = 0;
			defaultConfigurationName = Release;
		};
		B80457EF27B7047300EB7EA6 /* Build configuration list for PBXNativeTarget "FlixTests" */ = {
			isa = XCConfigurationList;
			buildConfigurations = (
				B80457F027B7047300EB7EA6 /* Debug */,
				B80457F127B7047300EB7EA6 /* Release */,
			);
			defaultConfigurationIsVisible = 0;
			defaultConfigurationName = Release;
		};
		B80457F227B7047300EB7EA6 /* Build configuration list for PBXNativeTarget "FlixUITests" */ = {
			isa = XCConfigurationList;
			buildConfigurations = (
				B80457F327B7047300EB7EA6 /* Debug */,
				B80457F427B7047300EB7EA6 /* Release */,
			);
			defaultConfigurationIsVisible = 0;
			defaultConfigurationName = Release;
		};
/* End XCConfigurationList section */

/* Begin XCRemoteSwiftPackageReference section */
		B884BF7D27B858E10052A00E /* XCRemoteSwiftPackageReference "AlamofireImage" */ = {
			isa = XCRemoteSwiftPackageReference;
			repositoryURL = "https://github.com/Alamofire/AlamofireImage";
			requirement = {
				kind = upToNextMajorVersion;
				minimumVersion = 4.0.0;
			};
		};
/* End XCRemoteSwiftPackageReference section */

/* Begin XCSwiftPackageProductDependency section */
		B884BF7E27B858E10052A00E /* AlamofireImage */ = {
			isa = XCSwiftPackageProductDependency;
			package = B884BF7D27B858E10052A00E /* XCRemoteSwiftPackageReference "AlamofireImage" */;
			productName = AlamofireImage;
		};
/* End XCSwiftPackageProductDependency section */
	};
	rootObject = B80457BA27B7047200EB7EA6 /* Project object */;
}
